
Microsoft Visual Studio Solution File, Format Version 12.00
# Visual Studio 15
VisualStudioVersion = 15.0.26430.13
MinimumVisualStudioVersion = 10.0.40219.1
Project("{FAE04EC0-301F-11D3-BF4B-00C04F79EFBC}") = "MergeSort", "MergeSort\MergeSort.csproj", "{42B17E9F-F0F4-4415-97C0-8525A1563667}"
EndProject
Project("{FAE04EC0-301F-11D3-BF4B-00C04F79EFBC}") = "BinarySearch", "BinarySearch\BinarySearch.csproj", "{77DBFD36-368C-4D33-B0F4-472224C9E627}"
EndProject
Project("{FAE04EC0-301F-11D3-BF4B-00C04F79EFBC}") = "InversionCount", "InversionCount\InversionCount.csproj", "{1F27924E-040C-4246-B57B-E383EACEAD7A}"
EndProject
Project("{FAE04EC0-301F-11D3-BF4B-00C04F79EFBC}") = "Words", "Words\Words.csproj", "{7FD1A21B-A0A4-4917-B741-505B84541876}"
EndProject
Project("{FAE04EC0-301F-11D3-BF4B-00C04F79EFBC}") = "Needles", "Needles\Needles.csproj", "{544754D1-2004-4F1C-9E44-CEFCB0BFC414}"
EndProject
Global
	GlobalSection(SolutionConfigurationPlatforms) = preSolution
		Debug|Any CPU = Debug|Any CPU
		Release|Any CPU = Release|Any CPU
	EndGlobalSection
	GlobalSection(ProjectConfigurationPlatforms) = postSolution
		{42B17E9F-F0F4-4415-97C0-8525A1563667}.Debug|Any CPU.ActiveCfg = Debug|Any CPU
		{42B17E9F-F0F4-4415-97C0-8525A1563667}.Debug|Any CPU.Build.0 = Debug|Any CPU
		{42B17E9F-F0F4-4415-97C0-8525A1563667}.Release|Any CPU.ActiveCfg = Release|Any CPU
		{42B17E9F-F0F4-4415-97C0-8525A1563667}.Release|Any CPU.Build.0 = Release|Any CPU
		{77DBFD36-368C-4D33-B0F4-472224C9E627}.Debug|Any CPU.ActiveCfg = Debug|Any CPU
		{77DBFD36-368C-4D33-B0F4-472224C9E627}.Debug|Any CPU.Build.0 = Debug|Any CPU
		{77DBFD36-368C-4D33-B0F4-472224C9E627}.Release|Any CPU.ActiveCfg = Release|Any CPU
		{77DBFD36-368C-4D33-B0F4-472224C9E627}.Release|Any CPU.Build.0 = Release|Any CPU
		{1F27924E-040C-4246-B57B-E383EACEAD7A}.Debug|Any CPU.ActiveCfg = Debug|Any CPU
		{1F27924E-040C-4246-B57B-E383EACEAD7A}.Debug|Any CPU.Build.0 = Debug|Any CPU
		{1F27924E-040C-4246-B57B-E383EACEAD7A}.Release|Any CPU.ActiveCfg = Release|Any CPU
		{1F27924E-040C-4246-B57B-E383EACEAD7A}.Release|Any CPU.Build.0 = Release|Any CPU
		{7FD1A21B-A0A4-4917-B741-505B84541876}.Debug|Any CPU.ActiveCfg = Debug|Any CPU
		{7FD1A21B-A0A4-4917-B741-505B84541876}.Debug|Any CPU.Build.0 = Debug|Any CPU
		{7FD1A21B-A0A4-4917-B741-505B84541876}.Release|Any CPU.ActiveCfg = Release|Any CPU
		{7FD1A21B-A0A4-4917-B741-505B84541876}.Release|Any CPU.Build.0 = Release|Any CPU
		{544754D1-2004-4F1C-9E44-CEFCB0BFC414}.Debug|Any CPU.ActiveCfg = Debug|Any CPU
		{544754D1-2004-4F1C-9E44-CEFCB0BFC414}.Debug|Any CPU.Build.0 = Debug|Any CPU
		{544754D1-2004-4F1C-9E44-CEFCB0BFC414}.Release|Any CPU.ActiveCfg = Release|Any CPU
		{544754D1-2004-4F1C-9E44-CEFCB0BFC414}.Release|Any CPU.Build.0 = Release|Any CPU
	EndGlobalSection
	GlobalSection(SolutionProperties) = preSolution
		HideSolutionNode = FALSE
	EndGlobalSection
EndGlobal
