
Microsoft Visual Studio Solution File, Format Version 12.00
# Visual Studio 14
VisualStudioVersion = 14.0.23107.0
MinimumVisualStudioVersion = 10.0.40219.1
Project("{FAE04EC0-301F-11D3-BF4B-00C04F79EFBC}") = "Blobs", "Blobs\Blobs.csproj", "{B130A90F-EDF5-44CA-B430-57A812BAD6DA}"
EndProject
Global
	GlobalSection(SolutionConfigurationPlatforms) = preSolution
		Debug|Any CPU = Debug|Any CPU
		Release|Any CPU = Release|Any CPU
	EndGlobalSection
	GlobalSection(ProjectConfigurationPlatforms) = postSolution
		{B130A90F-EDF5-44CA-B430-57A812BAD6DA}.Debug|Any CPU.ActiveCfg = Debug|Any CPU
		{B130A90F-EDF5-44CA-B430-57A812BAD6DA}.Debug|Any CPU.Build.0 = Debug|Any CPU
		{B130A90F-EDF5-44CA-B430-57A812BAD6DA}.Release|Any CPU.ActiveCfg = Release|Any CPU
		{B130A90F-EDF5-44CA-B430-57A812BAD6DA}.Release|Any CPU.Build.0 = Release|Any CPU
	EndGlobalSection
	GlobalSection(SolutionProperties) = preSolution
		HideSolutionNode = FALSE
	EndGlobalSection
EndGlobal
