
Microsoft Visual Studio Solution File, Format Version 12.00
# Visual Studio 14
VisualStudioVersion = 14.0.23107.0
MinimumVisualStudioVersion = 10.0.40219.1
Project("{FAE04EC0-301F-11D3-BF4B-00C04F79EFBC}") = "OtherTypesInOOPHomework", "OtherTypesInOOPHomework\OtherTypesInOOPHomework.csproj", "{D627498B-4577-4D7D-8445-44D8BF41C1EA}"
EndProject
Project("{FAE04EC0-301F-11D3-BF4B-00C04F79EFBC}") = "FractionCalculator", "FractionCalculator\FractionCalculator.csproj", "{672ACB8F-BCAC-418D-906D-5849196B3F32}"
EndProject
Global
	GlobalSection(SolutionConfigurationPlatforms) = preSolution
		Debug|Any CPU = Debug|Any CPU
		Release|Any CPU = Release|Any CPU
	EndGlobalSection
	GlobalSection(ProjectConfigurationPlatforms) = postSolution
		{D627498B-4577-4D7D-8445-44D8BF41C1EA}.Debug|Any CPU.ActiveCfg = Debug|Any CPU
		{D627498B-4577-4D7D-8445-44D8BF41C1EA}.Debug|Any CPU.Build.0 = Debug|Any CPU
		{D627498B-4577-4D7D-8445-44D8BF41C1EA}.Release|Any CPU.ActiveCfg = Release|Any CPU
		{D627498B-4577-4D7D-8445-44D8BF41C1EA}.Release|Any CPU.Build.0 = Release|Any CPU
		{672ACB8F-BCAC-418D-906D-5849196B3F32}.Debug|Any CPU.ActiveCfg = Debug|Any CPU
		{672ACB8F-BCAC-418D-906D-5849196B3F32}.Debug|Any CPU.Build.0 = Debug|Any CPU
		{672ACB8F-BCAC-418D-906D-5849196B3F32}.Release|Any CPU.ActiveCfg = Release|Any CPU
		{672ACB8F-BCAC-418D-906D-5849196B3F32}.Release|Any CPU.Build.0 = Release|Any CPU
	EndGlobalSection
	GlobalSection(SolutionProperties) = preSolution
		HideSolutionNode = FALSE
	EndGlobalSection
EndGlobal
